// !$*UTF8*$!
{
	archiveVersion = 1;
	classes = {
	};
	objectVersion = 77;
	objects = {

/* Begin PBXBuildFile section */
		1AF8EE582F1A76F100D1DBBB /* OpenAI in Frameworks */ = {isa = PBXBuildFile; productRef = 1AF8EE572F1A76F100D1DBBB /* OpenAI */; };
		1AF8EE742F1A86FD00D1DBBB /* OpenAISwift in Frameworks */ = {isa = PBXBuildFile; productRef = 1AF8EE732F1A86FD00D1DBBB /* OpenAISwift */; };
/* End PBXBuildFile section */

/* Begin PBXContainerItemProxy section */
		1A7BFCC62EE2FD3300BEFDCF /* PBXContainerItemProxy */ = {
			isa = PBXContainerItemProxy;
			containerPortal = 1A7BFCAE2EE2FD3200BEFDCF /* Project object */;
			proxyType = 1;
			remoteGlobalIDString = 1A7BFCB52EE2FD3200BEFDCF;
			remoteInfo = Wisteria;
		};
		1A7BFCD02EE2FD3300BEFDCF /* PBXContainerItemProxy */ = {
			isa = PBXContainerItemProxy;
			containerPortal = 1A7BFCAE2EE2FD3200BEFDCF /* Project object */;
			proxyType = 1;
			remoteGlobalIDString = 1A7BFCB52EE2FD3200BEFDCF;
			remoteInfo = Wisteria;
		};
/* End PBXContainerItemProxy section */

/* Begin PBXFileReference section */
		1A7BFCB62EE2FD3200BEFDCF /* Wisteria.app */ = {isa = PBXFileReference; explicitFileType = wrapper.application; includeInIndex = 0; path = Wisteria.app; sourceTree = BUILT_PRODUCTS_DIR; };
		1A7BFCC52EE2FD3300BEFDCF /* WisteriaTests.xctest */ = {isa = PBXFileReference; explicitFileType = wrapper.cfbundle; includeInIndex = 0; path = WisteriaTests.xctest; sourceTree = BUILT_PRODUCTS_DIR; };
		1A7BFCCF2EE2FD3300BEFDCF /* WisteriaUITests.xctest */ = {isa = PBXFileReference; explicitFileType = wrapper.cfbundle; includeInIndex = 0; path = WisteriaUITests.xctest; sourceTree = BUILT_PRODUCTS_DIR; };
/* End PBXFileReference section */

/* Begin PBXFileSystemSynchronizedRootGroup section */
		1A7BFCB82EE2FD3200BEFDCF /* Wisteria */ = {
			isa = PBXFileSystemSynchronizedRootGroup;
			path = Wisteria;
			sourceTree = "<group>";
		};
		1A7BFCC82EE2FD3300BEFDCF /* WisteriaTests */ = {
			isa = PBXFileSystemSynchronizedRootGroup;
			path = WisteriaTests;
			sourceTree = "<group>";
		};
		1A7BFCD22EE2FD3300BEFDCF /* WisteriaUITests */ = {
			isa = PBXFileSystemSynchronizedRootGroup;
			path = WisteriaUITests;
			sourceTree = "<group>";
		};
/* End PBXFileSystemSynchronizedRootGroup section */

/* Begin PBXFrameworksBuildPhase section */
		1A7BFCB32EE2FD3200BEFDCF /* Frameworks */ = {
			isa = PBXFrameworksBuildPhase;
			buildActionMask = 2147483647;
			files = (
				1AF8EE742F1A86FD00D1DBBB /* OpenAISwift in Frameworks */,
				1AF8EE582F1A76F100D1DBBB /* OpenAI in Frameworks */,
			);
			runOnlyForDeploymentPostprocessing = 0;
		};
		1A7BFCC22EE2FD3300BEFDCF /* Frameworks */ = {
			isa = PBXFrameworksBuildPhase;
			buildActionMask = 2147483647;
			files = (
			);
			runOnlyForDeploymentPostprocessing = 0;
		};
		1A7BFCCC2EE2FD3300BEFDCF /* Frameworks */ = {
			isa = PBXFrameworksBuildPhase;
			buildActionMask = 2147483647;
			files = (
			);
			runOnlyForDeploymentPostprocessing = 0;
		};
/* End PBXFrameworksBuildPhase section */

/* Begin PBXGroup section */
		1A7BFCAD2EE2FD3200BEFDCF = {
			isa = PBXGroup;
			children = (
				1A7BFCB82EE2FD3200BEFDCF /* Wisteria */,
				1A7BFCC82EE2FD3300BEFDCF /* WisteriaTests */,
				1A7BFCD22EE2FD3300BEFDCF /* WisteriaUITests */,
				1A7BFCB72EE2FD3200BEFDCF /* Products */,
			);
			sourceTree = "<group>";
		};
		1A7BFCB72EE2FD3200BEFDCF /* Products */ = {
			isa = PBXGroup;
			children = (
				1A7BFCB62EE2FD3200BEFDCF /* Wisteria.app */,
				1A7BFCC52EE2FD3300BEFDCF /* WisteriaTests.xctest */,
				1A7BFCCF2EE2FD3300BEFDCF /* WisteriaUITests.xctest */,
			);
			name = Products;
			sourceTree = "<group>";
		};
/* End PBXGroup section */

/* Begin PBXNativeTarget section */
		1A7BFCB52EE2FD3200BEFDCF /* Wisteria */ = {
			isa = PBXNativeTarget;
			buildConfigurationList = 1A7BFCD92EE2FD3300BEFDCF /* Build configuration list for PBXNativeTarget "Wisteria" */;
			buildPhases = (
				1A7BFCB22EE2FD3200BEFDCF /* Sources */,
				1A7BFCB32EE2FD3200BEFDCF /* Frameworks */,
				1A7BFCB42EE2FD3200BEFDCF /* Resources */,
			);
			buildRules = (
			);
			dependencies = (
			);
			fileSystemSynchronizedGroups = (
				1A7BFCB82EE2FD3200BEFDCF /* Wisteria */,
			);
			name = Wisteria;
			packageProductDependencies = (
				1AF8EE572F1A76F100D1DBBB /* OpenAI */,
				1AF8EE732F1A86FD00D1DBBB /* OpenAISwift */,
			);
			productName = Wisteria;
			productReference = 1A7BFCB62EE2FD3200BEFDCF /* Wisteria.app */;
			productType = "com.apple.product-type.application";
		};
		1A7BFCC42EE2FD3300BEFDCF /* WisteriaTests */ = {
			isa = PBXNativeTarget;
			buildConfigurationList = 1A7BFCDC2EE2FD3300BEFDCF /* Build configuration list for PBXNativeTarget "WisteriaTests" */;
			buildPhases = (
				1A7BFCC12EE2FD3300BEFDCF /* Sources */,
				1A7BFCC22EE2FD3300BEFDCF /* Frameworks */,
				1A7BFCC32EE2FD3300BEFDCF /* Resources */,
			);
			buildRules = (
			);
			dependencies = (
				1A7BFCC72EE2FD3300BEFDCF /* PBXTargetDependency */,
			);
			fileSystemSynchronizedGroups = (
				1A7BFCC82EE2FD3300BEFDCF /* WisteriaTests */,
			);
			name = WisteriaTests;
			packageProductDependencies = (
			);
			productName = WisteriaTests;
			productReference = 1A7BFCC52EE2FD3300BEFDCF /* WisteriaTests.xctest */;
			productType = "com.apple.product-type.bundle.unit-test";
		};
		1A7BFCCE2EE2FD3300BEFDCF /* WisteriaUITests */ = {
			isa = PBXNativeTarget;
			buildConfigurationList = 1A7BFCDF2EE2FD3300BEFDCF /* Build configuration list for PBXNativeTarget "WisteriaUITests" */;
			buildPhases = (
				1A7BFCCB2EE2FD3300BEFDCF /* Sources */,
				1A7BFCCC2EE2FD3300BEFDCF /* Frameworks */,
				1A7BFCCD2EE2FD3300BEFDCF /* Resources */,
			);
			buildRules = (
			);
			dependencies = (
				1A7BFCD12EE2FD3300BEFDCF /* PBXTargetDependency */,
			);
			fileSystemSynchronizedGroups = (
				1A7BFCD22EE2FD3300BEFDCF /* WisteriaUITests */,
			);
			name = WisteriaUITests;
			packageProductDependencies = (
			);
			productName = WisteriaUITests;
			productReference = 1A7BFCCF2EE2FD3300BEFDCF /* WisteriaUITests.xctest */;
			productType = "com.apple.product-type.bundle.ui-testing";
		};
/* End PBXNativeTarget section */

/* Begin PBXProject section */
		1A7BFCAE2EE2FD3200BEFDCF /* Project object */ = {
			isa = PBXProject;
			attributes = {
				BuildIndependentTargetsInParallel = 1;
				LastSwiftUpdateCheck = 2600;
				LastUpgradeCheck = 2600;
				TargetAttributes = {
					1A7BFCB52EE2FD3200BEFDCF = {
						CreatedOnToolsVersion = 26.0.1;
					};
					1A7BFCC42EE2FD3300BEFDCF = {
						CreatedOnToolsVersion = 26.0.1;
						TestTargetID = 1A7BFCB52EE2FD3200BEFDCF;
					};
					1A7BFCCE2EE2FD3300BEFDCF = {
						CreatedOnToolsVersion = 26.0.1;
						TestTargetID = 1A7BFCB52EE2FD3200BEFDCF;
					};
				};
			};
			buildConfigurationList = 1A7BFCB12EE2FD3200BEFDCF /* Build configuration list for PBXProject "Wisteria" */;
			developmentRegion = en;
			hasScannedForEncodings = 0;
			knownRegions = (
				en,
				Base,
			);
			mainGroup = 1A7BFCAD2EE2FD3200BEFDCF;
			minimizedProjectReferenceProxies = 1;
			packageReferences = (
				1AF8EE562F1A76F100D1DBBB /* XCRemoteSwiftPackageReference "OpenAI" */,
				1AF8EE722F1A86FD00D1DBBB /* XCRemoteSwiftPackageReference "OpenAISwift" */,
			);
			preferredProjectObjectVersion = 77;
			productRefGroup = 1A7BFCB72EE2FD3200BEFDCF /* Products */;
			projectDirPath = "";
			projectRoot = "";
			targets = (
				1A7BFCB52EE2FD3200BEFDCF /* Wisteria */,
				1A7BFCC42EE2FD3300BEFDCF /* WisteriaTests */,
				1A7BFCCE2EE2FD3300BEFDCF /* WisteriaUITests */,
			);
		};
/* End PBXProject section */

/* Begin PBXResourcesBuildPhase section */
		1A7BFCB42EE2FD3200BEFDCF /* Resources */ = {
			isa = PBXResourcesBuildPhase;
			buildActionMask = 2147483647;
			files = (
			);
			runOnlyForDeploymentPostprocessing = 0;
		};
		1A7BFCC32EE2FD3300BEFDCF /* Resources */ = {
			isa = PBXResourcesBuildPhase;
			buildActionMask = 2147483647;
			files = (
			);
			runOnlyForDeploymentPostprocessing = 0;
		};
		1A7BFCCD2EE2FD3300BEFDCF /* Resources */ = {
			isa = PBXResourcesBuildPhase;
			buildActionMask = 2147483647;
			files = (
			);
			runOnlyForDeploymentPostprocessing = 0;
		};
/* End PBXResourcesBuildPhase section */

/* Begin PBXSourcesBuildPhase section */
		1A7BFCB22EE2FD3200BEFDCF /* Sources */ = {
			isa = PBXSourcesBuildPhase;
			buildActionMask = 2147483647;
			files = (
			);
			runOnlyForDeploymentPostprocessing = 0;
		};
		1A7BFCC12EE2FD3300BEFDCF /* Sources */ = {
			isa = PBXSourcesBuildPhase;
			buildActionMask = 2147483647;
			files = (
			);
			runOnlyForDeploymentPostprocessing = 0;
		};
		1A7BFCCB2EE2FD3300BEFDCF /* Sources */ = {
			isa = PBXSourcesBuildPhase;
			buildActionMask = 2147483647;
			files = (
			);
			runOnlyForDeploymentPostprocessing = 0;
		};
/* End PBXSourcesBuildPhase section */

/* Begin PBXTargetDependency section */
		1A7BFCC72EE2FD3300BEFDCF /* PBXTargetDependency */ = {
			isa = PBXTargetDependency;
			target = 1A7BFCB52EE2FD3200BEFDCF /* Wisteria */;
			targetProxy = 1A7BFCC62EE2FD3300BEFDCF /* PBXContainerItemProxy */;
		};
		1A7BFCD12EE2FD3300BEFDCF /* PBXTargetDependency */ = {
			isa = PBXTargetDependency;
			target = 1A7BFCB52EE2FD3200BEFDCF /* Wisteria */;
			targetProxy = 1A7BFCD02EE2FD3300BEFDCF /* PBXContainerItemProxy */;
		};
/* End PBXTargetDependency section */

/* Begin XCBuildConfiguration section */
		1A7BFCD72EE2FD3300BEFDCF /* Debug */ = {
			isa = XCBuildConfiguration;
			buildSettings = {
				ALWAYS_SEARCH_USER_PATHS = NO;
				ASSETCATALOG_COMPILER_GENERATE_SWIFT_ASSET_SYMBOL_EXTENSIONS = YES;
				CLANG_ANALYZER_NONNULL = YES;
				CLANG_ANALYZER_NUMBER_OBJECT_CONVERSION = YES_AGGRESSIVE;
				CLANG_CXX_LANGUAGE_STANDARD = "gnu++20";
				CLANG_ENABLE_MODULES = YES;
				CLANG_ENABLE_OBJC_ARC = YES;
				CLANG_ENABLE_OBJC_WEAK = YES;
				CLANG_WARN_BLOCK_CAPTURE_AUTORELEASING = YES;
				CLANG_WARN_BOOL_CONVERSION = YES;
				CLANG_WARN_COMMA = YES;
				CLANG_WARN_CONSTANT_CONVERSION = YES;
				CLANG_WARN_DEPRECATED_OBJC_IMPLEMENTATIONS = YES;
				CLANG_WARN_DIRECT_OBJC_ISA_USAGE = YES_ERROR;
				CLANG_WARN_DOCUMENTATION_COMMENTS = YES;
				CLANG_WARN_EMPTY_BODY = YES;
				CLANG_WARN_ENUM_CONVERSION = YES;
				CLANG_WARN_INFINITE_RECURSION = YES;
				CLANG_WARN_INT_CONVERSION = YES;
				CLANG_WARN_NON_LITERAL_NULL_CONVERSION = YES;
				CLANG_WARN_OBJC_IMPLICIT_RETAIN_SELF = YES;
				CLANG_WARN_OBJC_LITERAL_CONVERSION = YES;
				CLANG_WARN_OBJC_ROOT_CLASS = YES_ERROR;
				CLANG_WARN_QUOTED_INCLUDE_IN_FRAMEWORK_HEADER = YES;
				CLANG_WARN_RANGE_LOOP_ANALYSIS = YES;
				CLANG_WARN_STRICT_PROTOTYPES = YES;
				CLANG_WARN_SUSPICIOUS_MOVE = YES;
				CLANG_WARN_UNGUARDED_AVAILABILITY = YES_AGGRESSIVE;
				CLANG_WARN_UNREACHABLE_CODE = YES;
				CLANG_WARN__DUPLICATE_METHOD_MATCH = YES;
				COPY_PHASE_STRIP = NO;
				DEBUG_INFORMATION_FORMAT = dwarf;
				DEVELOPMENT_TEAM = 3G53GVN6KC;
				ENABLE_STRICT_OBJC_MSGSEND = YES;
				ENABLE_TESTABILITY = YES;
				ENABLE_USER_SCRIPT_SANDBOXING = YES;
				GCC_C_LANGUAGE_STANDARD = gnu17;
				GCC_DYNAMIC_NO_PIC = NO;
				GCC_NO_COMMON_BLOCKS = YES;
				GCC_OPTIMIZATION_LEVEL = 0;
				GCC_PREPROCESSOR_DEFINITIONS = (
					"DEBUG=1",
					"$(inherited)",
				);
				GCC_WARN_64_TO_32_BIT_CONVERSION = YES;
				GCC_WARN_ABOUT_RETURN_TYPE = YES_ERROR;
				GCC_WARN_UNDECLARED_SELECTOR = YES;
				GCC_WARN_UNINITIALIZED_AUTOS = YES_AGGRESSIVE;
				GCC_WARN_UNUSED_FUNCTION = YES;
				GCC_WARN_UNUSED_VARIABLE = YES;
				IPHONEOS_DEPLOYMENT_TARGET = 26.0;
				LOCALIZATION_PREFERS_STRING_CATALOGS = YES;
				MTL_ENABLE_DEBUG_INFO = INCLUDE_SOURCE;
				MTL_FAST_MATH = YES;
				ONLY_ACTIVE_ARCH = YES;
				SDKROOT = iphoneos;
				SWIFT_ACTIVE_COMPILATION_CONDITIONS = "DEBUG $(inherited)";
				SWIFT_OPTIMIZATION_LEVEL = "-Onone";
			};
			name = Debug;
		};
		1A7BFCD82EE2FD3300BEFDCF /* Release */ = {
			isa = XCBuildConfiguration;
			buildSettings = {
				ALWAYS_SEARCH_USER_PATHS = NO;
				ASSETCATALOG_COMPILER_GENERATE_SWIFT_ASSET_SYMBOL_EXTENSIONS = YES;
				CLANG_ANALYZER_NONNULL = YES;
				CLANG_ANALYZER_NUMBER_OBJECT_CONVERSION = YES_AGGRESSIVE;
				CLANG_CXX_LANGUAGE_STANDARD = "gnu++20";
				CLANG_ENABLE_MODULES = YES;
				CLANG_ENABLE_OBJC_ARC = YES;
				CLANG_ENABLE_OBJC_WEAK = YES;
				CLANG_WARN_BLOCK_CAPTURE_AUTORELEASING = YES;
				CLANG_WARN_BOOL_CONVERSION = YES;
				CLANG_WARN_COMMA = YES;
				CLANG_WARN_CONSTANT_CONVERSION = YES;
				CLANG_WARN_DEPRECATED_OBJC_IMPLEMENTATIONS = YES;
				CLANG_WARN_DIRECT_OBJC_ISA_USAGE = YES_ERROR;
				CLANG_WARN_DOCUMENTATION_COMMENTS = YES;
				CLANG_WARN_EMPTY_BODY = YES;
				CLANG_WARN_ENUM_CONVERSION = YES;
				CLANG_WARN_INFINITE_RECURSION = YES;
				CLANG_WARN_INT_CONVERSION = YES;
				CLANG_WARN_NON_LITERAL_NULL_CONVERSION = YES;
				CLANG_WARN_OBJC_IMPLICIT_RETAIN_SELF = YES;
				CLANG_WARN_OBJC_LITERAL_CONVERSION = YES;
				CLANG_WARN_OBJC_ROOT_CLASS = YES_ERROR;
				CLANG_WARN_QUOTED_INCLUDE_IN_FRAMEWORK_HEADER = YES;
				CLANG_WARN_RANGE_LOOP_ANALYSIS = YES;
				CLANG_WARN_STRICT_PROTOTYPES = YES;
				CLANG_WARN_SUSPICIOUS_MOVE = YES;
				CLANG_WARN_UNGUARDED_AVAILABILITY = YES_AGGRESSIVE;
				CLANG_WARN_UNREACHABLE_CODE = YES;
				CLANG_WARN__DUPLICATE_METHOD_MATCH = YES;
				COPY_PHASE_STRIP = NO;
				DEBUG_INFORMATION_FORMAT = "dwarf-with-dsym";
				DEVELOPMENT_TEAM = 3G53GVN6KC;
				ENABLE_NS_ASSERTIONS = NO;
				ENABLE_STRICT_OBJC_MSGSEND = YES;
				ENABLE_USER_SCRIPT_SANDBOXING = YES;
				GCC_C_LANGUAGE_STANDARD = gnu17;
				GCC_NO_COMMON_BLOCKS = YES;
				GCC_WARN_64_TO_32_BIT_CONVERSION = YES;
				GCC_WARN_ABOUT_RETURN_TYPE = YES_ERROR;
				GCC_WARN_UNDECLARED_SELECTOR = YES;
				GCC_WARN_UNINITIALIZED_AUTOS = YES_AGGRESSIVE;
				GCC_WARN_UNUSED_FUNCTION = YES;
				GCC_WARN_UNUSED_VARIABLE = YES;
				IPHONEOS_DEPLOYMENT_TARGET = 26.0;
				LOCALIZATION_PREFERS_STRING_CATALOGS = YES;
				MTL_ENABLE_DEBUG_INFO = NO;
				MTL_FAST_MATH = YES;
				SDKROOT = iphoneos;
				SWIFT_COMPILATION_MODE = wholemodule;
				VALIDATE_PRODUCT = YES;
			};
			name = Release;
		};
		1A7BFCDA2EE2FD3300BEFDCF /* Debug */ = {
			isa = XCBuildConfiguration;
			buildSettings = {
				ASSETCATALOG_COMPILER_APPICON_NAME = AppIcon;
				ASSETCATALOG_COMPILER_GLOBAL_ACCENT_COLOR_NAME = AccentColor;
				CODE_SIGN_STYLE = Automatic;
				CURRENT_PROJECT_VERSION = 1;
				DEVELOPMENT_TEAM = 3G53GVN6KC;
				ENABLE_PREVIEWS = YES;
				GENERATE_INFOPLIST_FILE = YES;
				INFOPLIST_KEY_UIApplicationSceneManifest_Generation = YES;
				INFOPLIST_KEY_UIApplicationSupportsIndirectInputEvents = YES;
				INFOPLIST_KEY_UILaunchScreen_Generation = YES;
				INFOPLIST_KEY_UISupportedInterfaceOrientations_iPad = "UIInterfaceOrientationPortrait UIInterfaceOrientationPortraitUpsideDown UIInterfaceOrientationLandscapeLeft UIInterfaceOrientationLandscapeRight";
				INFOPLIST_KEY_UISupportedInterfaceOrientations_iPhone = "UIInterfaceOrientationPortrait UIInterfaceOrientationLandscapeLeft UIInterfaceOrientationLandscapeRight";
				LD_RUNPATH_SEARCH_PATHS = (
					"$(inherited)",
					"@executable_path/Frameworks",
				);
				MARKETING_VERSION = 1.0;
				PRODUCT_BUNDLE_IDENTIFIER = Rahimah.Wisteria;
				PRODUCT_NAME = "$(TARGET_NAME)";
				STRING_CATALOG_GENERATE_SYMBOLS = YES;
				SUPPORTED_PLATFORMS = "iphoneos iphonesimulator";
				SUPPORTS_MACCATALYST = NO;
				SUPPORTS_MAC_DESIGNED_FOR_IPHONE_IPAD = NO;
				SUPPORTS_XR_DESIGNED_FOR_IPHONE_IPAD = NO;
				SWIFT_APPROACHABLE_CONCURRENCY = YES;
				SWIFT_DEFAULT_ACTOR_ISOLATION = MainActor;
				SWIFT_EMIT_LOC_STRINGS = YES;
				SWIFT_UPCOMING_FEATURE_MEMBER_IMPORT_VISIBILITY = YES;
				SWIFT_VERSION = 5.0;
				TARGETED_DEVICE_FAMILY = "1,2";
			};
			name = Debug;
		};
		1A7BFCDB2EE2FD3300BEFDCF /* Release */ = {
			isa = XCBuildConfiguration;
			buildSettings = {
				ASSETCATALOG_COMPILER_APPICON_NAME = AppIcon;
				ASSETCATALOG_COMPILER_GLOBAL_ACCENT_COLOR_NAME = AccentColor;
				CODE_SIGN_STYLE = Automatic;
				CURRENT_PROJECT_VERSION = 1;
				DEVELOPMENT_TEAM = 3G53GVN6KC;
				ENABLE_PREVIEWS = YES;
				GENERATE_INFOPLIST_FILE = YES;
				INFOPLIST_KEY_UIApplicationSceneManifest_Generation = YES;
				INFOPLIST_KEY_UIApplicationSupportsIndirectInputEvents = YES;
				INFOPLIST_KEY_UILaunchScreen_Generation = YES;
				INFOPLIST_KEY_UISupportedInterfaceOrientations_iPad = "UIInterfaceOrientationPortrait UIInterfaceOrientationPortraitUpsideDown UIInterfaceOrientationLandscapeLeft UIInterfaceOrientationLandscapeRight";
				INFOPLIST_KEY_UISupportedInterfaceOrientations_iPhone = "UIInterfaceOrientationPortrait UIInterfaceOrientationLandscapeLeft UIInterfaceOrientationLandscapeRight";
				LD_RUNPATH_SEARCH_PATHS = (
					"$(inherited)",
					"@executable_path/Frameworks",
				);
				MARKETING_VERSION = 1.0;
				PRODUCT_BUNDLE_IDENTIFIER = Rahimah.Wisteria;
				PRODUCT_NAME = "$(TARGET_NAME)";
				STRING_CATALOG_GENERATE_SYMBOLS = YES;
				SUPPORTED_PLATFORMS = "iphoneos iphonesimulator";
				SUPPORTS_MACCATALYST = NO;
				SUPPORTS_MAC_DESIGNED_FOR_IPHONE_IPAD = NO;
				SUPPORTS_XR_DESIGNED_FOR_IPHONE_IPAD = NO;
				SWIFT_APPROACHABLE_CONCURRENCY = YES;
				SWIFT_DEFAULT_ACTOR_ISOLATION = MainActor;
				SWIFT_EMIT_LOC_STRINGS = YES;
				SWIFT_UPCOMING_FEATURE_MEMBER_IMPORT_VISIBILITY = YES;
				SWIFT_VERSION = 5.0;
				TARGETED_DEVICE_FAMILY = "1,2";
			};
			name = Release;
		};
		1A7BFCDD2EE2FD3300BEFDCF /* Debug */ = {
			isa = XCBuildConfiguration;
			buildSettings = {
				BUNDLE_LOADER = "$(TEST_HOST)";
				CODE_SIGN_STYLE = Automatic;
				CURRENT_PROJECT_VERSION = 1;
				DEVELOPMENT_TEAM = 3G53GVN6KC;
				GENERATE_INFOPLIST_FILE = YES;
				IPHONEOS_DEPLOYMENT_TARGET = 26.0;
				MARKETING_VERSION = 1.0;
				PRODUCT_BUNDLE_IDENTIFIER = Rahimah.WisteriaTests;
				PRODUCT_NAME = "$(TARGET_NAME)";
				STRING_CATALOG_GENERATE_SYMBOLS = NO;
				SUPPORTED_PLATFORMS = "iphoneos iphonesimulator";
				SUPPORTS_MACCATALYST = NO;
				SUPPORTS_MAC_DESIGNED_FOR_IPHONE_IPAD = NO;
				SUPPORTS_XR_DESIGNED_FOR_IPHONE_IPAD = NO;
				SWIFT_APPROACHABLE_CONCURRENCY = YES;
				SWIFT_EMIT_LOC_STRINGS = NO;
				SWIFT_UPCOMING_FEATURE_MEMBER_IMPORT_VISIBILITY = YES;
				SWIFT_VERSION = 5.0;
				TARGETED_DEVICE_FAMILY = "1,2";
				TEST_HOST = "$(BUILT_PRODUCTS_DIR)/Wisteria.app/$(BUNDLE_EXECUTABLE_FOLDER_PATH)/Wisteria";
			};
			name = Debug;
		};
		1A7BFCDE2EE2FD3300BEFDCF /* Release */ = {
			isa = XCBuildConfiguration;
			buildSettings = {
				BUNDLE_LOADER = "$(TEST_HOST)";
				CODE_SIGN_STYLE = Automatic;
				CURRENT_PROJECT_VERSION = 1;
				DEVELOPMENT_TEAM = 3G53GVN6KC;
				GENERATE_INFOPLIST_FILE = YES;
				IPHONEOS_DEPLOYMENT_TARGET = 26.0;
				MARKETING_VERSION = 1.0;
				PRODUCT_BUNDLE_IDENTIFIER = Rahimah.WisteriaTests;
				PRODUCT_NAME = "$(TARGET_NAME)";
				STRING_CATALOG_GENERATE_SYMBOLS = NO;
				SUPPORTED_PLATFORMS = "iphoneos iphonesimulator";
				SUPPORTS_MACCATALYST = NO;
				SUPPORTS_MAC_DESIGNED_FOR_IPHONE_IPAD = NO;
				SUPPORTS_XR_DESIGNED_FOR_IPHONE_IPAD = NO;
				SWIFT_APPROACHABLE_CONCURRENCY = YES;
				SWIFT_EMIT_LOC_STRINGS = NO;
				SWIFT_UPCOMING_FEATURE_MEMBER_IMPORT_VISIBILITY = YES;
				SWIFT_VERSION = 5.0;
				TARGETED_DEVICE_FAMILY = "1,2";
				TEST_HOST = "$(BUILT_PRODUCTS_DIR)/Wisteria.app/$(BUNDLE_EXECUTABLE_FOLDER_PATH)/Wisteria";
			};
			name = Release;
		};
		1A7BFCE02EE2FD3300BEFDCF /* Debug */ = {
			isa = XCBuildConfiguration;
			buildSettings = {
				CODE_SIGN_STYLE = Automatic;
				CURRENT_PROJECT_VERSION = 1;
				DEVELOPMENT_TEAM = 3G53GVN6KC;
				GENERATE_INFOPLIST_FILE = YES;
				MARKETING_VERSION = 1.0;
				PRODUCT_BUNDLE_IDENTIFIER = Rahimah.WisteriaUITests;
				PRODUCT_NAME = "$(TARGET_NAME)";
				STRING_CATALOG_GENERATE_SYMBOLS = NO;
				SUPPORTED_PLATFORMS = "iphoneos iphonesimulator";
				SUPPORTS_MACCATALYST = NO;
				SUPPORTS_MAC_DESIGNED_FOR_IPHONE_IPAD = NO;
				SUPPORTS_XR_DESIGNED_FOR_IPHONE_IPAD = NO;
				SWIFT_APPROACHABLE_CONCURRENCY = YES;
				SWIFT_EMIT_LOC_STRINGS = NO;
				SWIFT_UPCOMING_FEATURE_MEMBER_IMPORT_VISIBILITY = YES;
				SWIFT_VERSION = 5.0;
				TARGETED_DEVICE_FAMILY = "1,2";
				TEST_TARGET_NAME = Wisteria;
			};
			name = Debug;
		};
		1A7BFCE12EE2FD3300BEFDCF /* Release */ = {
			isa = XCBuildConfiguration;
			buildSettings = {
				CODE_SIGN_STYLE = Automatic;
				CURRENT_PROJECT_VERSION = 1;
				DEVELOPMENT_TEAM = 3G53GVN6KC;
				GENERATE_INFOPLIST_FILE = YES;
				MARKETING_VERSION = 1.0;
				PRODUCT_BUNDLE_IDENTIFIER = Rahimah.WisteriaUITests;
				PRODUCT_NAME = "$(TARGET_NAME)";
				STRING_CATALOG_GENERATE_SYMBOLS = NO;
				SUPPORTED_PLATFORMS = "iphoneos iphonesimulator";
				SUPPORTS_MACCATALYST = NO;
				SUPPORTS_MAC_DESIGNED_FOR_IPHONE_IPAD = NO;
				SUPPORTS_XR_DESIGNED_FOR_IPHONE_IPAD = NO;
				SWIFT_APPROACHABLE_CONCURRENCY = YES;
				SWIFT_EMIT_LOC_STRINGS = NO;
				SWIFT_UPCOMING_FEATURE_MEMBER_IMPORT_VISIBILITY = YES;
				SWIFT_VERSION = 5.0;
				TARGETED_DEVICE_FAMILY = "1,2";
				TEST_TARGET_NAME = Wisteria;
			};
			name = Release;
		};
/* End XCBuildConfiguration section */

/* Begin XCConfigurationList section */
		1A7BFCB12EE2FD3200BEFDCF /* Build configuration list for PBXProject "Wisteria" */ = {
			isa = XCConfigurationList;
			buildConfigurations = (
				1A7BFCD72EE2FD3300BEFDCF /* Debug */,
				1A7BFCD82EE2FD3300BEFDCF /* Release */,
			);
			defaultConfigurationIsVisible = 0;
			defaultConfigurationName = Release;
		};
		1A7BFCD92EE2FD3300BEFDCF /* Build configuration list for PBXNativeTarget "Wisteria" */ = {
			isa = XCConfigurationList;
			buildConfigurations = (
				1A7BFCDA2EE2FD3300BEFDCF /* Debug */,
				1A7BFCDB2EE2FD3300BEFDCF /* Release */,
			);
			defaultConfigurationIsVisible = 0;
			defaultConfigurationName = Release;
		};
		1A7BFCDC2EE2FD3300BEFDCF /* Build configuration list for PBXNativeTarget "WisteriaTests" */ = {
			isa = XCConfigurationList;
			buildConfigurations = (
				1A7BFCDD2EE2FD3300BEFDCF /* Debug */,
				1A7BFCDE2EE2FD3300BEFDCF /* Release */,
			);
			defaultConfigurationIsVisible = 0;
			defaultConfigurationName = Release;
		};
		1A7BFCDF2EE2FD3300BEFDCF /* Build configuration list for PBXNativeTarget "WisteriaUITests" */ = {
			isa = XCConfigurationList;
			buildConfigurations = (
				1A7BFCE02EE2FD3300BEFDCF /* Debug */,
				1A7BFCE12EE2FD3300BEFDCF /* Release */,
			);
			defaultConfigurationIsVisible = 0;
			defaultConfigurationName = Release;
		};
/* End XCConfigurationList section */

/* Begin XCRemoteSwiftPackageReference section */
		1AF8EE562F1A76F100D1DBBB /* XCRemoteSwiftPackageReference "OpenAI" */ = {
			isa = XCRemoteSwiftPackageReference;
			repositoryURL = "https://github.com/MacPaw/OpenAI";
			requirement = {
				kind = upToNextMajorVersion;
				minimumVersion = 0.4.7;
			};
		};
		1AF8EE722F1A86FD00D1DBBB /* XCRemoteSwiftPackageReference "OpenAISwift" */ = {
			isa = XCRemoteSwiftPackageReference;
			repositoryURL = "https://github.com/adamrushy/OpenAISwift?";
			requirement = {
				kind = upToNextMajorVersion;
				minimumVersion = 1.4.1;
			};
		};
/* End XCRemoteSwiftPackageReference section */

/* Begin XCSwiftPackageProductDependency section */
		1AF8EE572F1A76F100D1DBBB /* OpenAI */ = {
			isa = XCSwiftPackageProductDependency;
			package = 1AF8EE562F1A76F100D1DBBB /* XCRemoteSwiftPackageReference "OpenAI" */;
			productName = OpenAI;
		};
		1AF8EE732F1A86FD00D1DBBB /* OpenAISwift */ = {
			isa = XCSwiftPackageProductDependency;
			package = 1AF8EE722F1A86FD00D1DBBB /* XCRemoteSwiftPackageReference "OpenAISwift" */;
			productName = OpenAISwift;
		};
/* End XCSwiftPackageProductDependency section */
	};
	rootObject = 1A7BFCAE2EE2FD3200BEFDCF /* Project object */;
}
